
Microsoft Visual Studio Solution File, Format Version 12.00
# Visual Studio Version 16
VisualStudioVersion = 16.0.32802.440
MinimumVisualStudioVersion = 10.0.40219.1
Project("{FAE04EC0-301F-11D3-BF4B-00C04F79EFBC}") = "KnuOopLab2", "KnuOopLab2.csproj", "{C763E1C9-890A-4428-B7E3-26639D7B1348}"
EndProject
Global
	GlobalSection(SolutionConfigurationPlatforms) = preSolution
		Debug|Any CPU = Debug|Any CPU
		Release|Any CPU = Release|Any CPU
	EndGlobalSection
	GlobalSection(ProjectConfigurationPlatforms) = postSolution
		{C763E1C9-890A-4428-B7E3-26639D7B1348}.Debug|Any CPU.ActiveCfg = Debug|Any CPU
		{C763E1C9-890A-4428-B7E3-26639D7B1348}.Debug|Any CPU.Build.0 = Debug|Any CPU
		{C763E1C9-890A-4428-B7E3-26639D7B1348}.Release|Any CPU.ActiveCfg = Release|Any CPU
		{C763E1C9-890A-4428-B7E3-26639D7B1348}.Release|Any CPU.Build.0 = Release|Any CPU
	EndGlobalSection
	GlobalSection(SolutionProperties) = preSolution
		HideSolutionNode = FALSE
	EndGlobalSection
	GlobalSection(ExtensibilityGlobals) = postSolution
		SolutionGuid = {1EEFC594-59A2-4283-ABCD-B29D33356D12}
	EndGlobalSection
EndGlobal
